
Microsoft Visual Studio Solution File, Format Version 12.00
# Visual Studio Version 17
VisualStudioVersion = 17.11.35312.102
MinimumVisualStudioVersion = 10.0.40219.1
Project("{FAE04EC0-301F-11D3-BF4B-00C04F79EFBC}") = "Assignment1", "Assignment1\Assignment1.csproj", "{C95DCCCF-4198-4CBF-909D-A45A2F45270E}"
EndProject
Global
	GlobalSection(SolutionConfigurationPlatforms) = preSolution
		Debug|Any CPU = Debug|Any CPU
		Release|Any CPU = Release|Any CPU
	EndGlobalSection
	GlobalSection(ProjectConfigurationPlatforms) = postSolution
		{C95DCCCF-4198-4CBF-909D-A45A2F45270E}.Debug|Any CPU.ActiveCfg = Debug|Any CPU
		{C95DCCCF-4198-4CBF-909D-A45A2F45270E}.Debug|Any CPU.Build.0 = Debug|Any CPU
		{C95DCCCF-4198-4CBF-909D-A45A2F45270E}.Release|Any CPU.ActiveCfg = Release|Any CPU
		{C95DCCCF-4198-4CBF-909D-A45A2F45270E}.Release|Any CPU.Build.0 = Release|Any CPU
	EndGlobalSection
	GlobalSection(SolutionProperties) = preSolution
		HideSolutionNode = FALSE
	EndGlobalSection
	GlobalSection(ExtensibilityGlobals) = postSolution
		SolutionGuid = {E87032DD-B9CC-4E6D-BB1F-ED2B0951453F}
	EndGlobalSection
EndGlobal
